// !$*UTF8*$!
{
	archiveVersion = 1;
	classes = {
	};
	objectVersion = 56;
	objects = {

/* Begin PBXBuildFile section */
		325EE9632A423843000F342D /* AppDelegate.swift in Sources */ = {isa = PBXBuildFile; fileRef = 325EE9622A423843000F342D /* AppDelegate.swift */; };
		325EE9652A423843000F342D /* SceneDelegate.swift in Sources */ = {isa = PBXBuildFile; fileRef = 325EE9642A423843000F342D /* SceneDelegate.swift */; };
		325EE96C2A423844000F342D /* Assets.xcassets in Resources */ = {isa = PBXBuildFile; fileRef = 325EE96B2A423844000F342D /* Assets.xcassets */; };
		325EE96F2A423844000F342D /* LaunchScreen.storyboard in Resources */ = {isa = PBXBuildFile; fileRef = 325EE96D2A423844000F342D /* LaunchScreen.storyboard */; };
		325EE9772A423EF1000F342D /* SearchVC.swift in Sources */ = {isa = PBXBuildFile; fileRef = 325EE9762A423EF1000F342D /* SearchVC.swift */; };
		325EE9792A423F27000F342D /* FavoritesListVC.swift in Sources */ = {isa = PBXBuildFile; fileRef = 325EE9782A423F27000F342D /* FavoritesListVC.swift */; };
		325EE97B2A424494000F342D /* GFTabBarController.swift in Sources */ = {isa = PBXBuildFile; fileRef = 325EE97A2A424494000F342D /* GFTabBarController.swift */; };
		325EE97D2A4246BB000F342D /* GFButton.swift in Sources */ = {isa = PBXBuildFile; fileRef = 325EE97C2A4246BB000F342D /* GFButton.swift */; };
		325EE97F2A424A2E000F342D /* GFTextField.swift in Sources */ = {isa = PBXBuildFile; fileRef = 325EE97E2A424A2E000F342D /* GFTextField.swift */; };
		325EE9812A427A51000F342D /* FollowersListVC.swift in Sources */ = {isa = PBXBuildFile; fileRef = 325EE9802A427A51000F342D /* FollowersListVC.swift */; };
		325EE9832A428524000F342D /* GFTitleLabel.swift in Sources */ = {isa = PBXBuildFile; fileRef = 325EE9822A428524000F342D /* GFTitleLabel.swift */; };
		325EE9852A428786000F342D /* GFBodyLabel.swift in Sources */ = {isa = PBXBuildFile; fileRef = 325EE9842A428786000F342D /* GFBodyLabel.swift */; };
		325EE9872A428887000F342D /* GFAlertVC.swift in Sources */ = {isa = PBXBuildFile; fileRef = 325EE9862A428887000F342D /* GFAlertVC.swift */; };
		325EE9892A429158000F342D /* UIViewController+Ext.swift in Sources */ = {isa = PBXBuildFile; fileRef = 325EE9882A429158000F342D /* UIViewController+Ext.swift */; };
		325EE9952A435732000F342D /* GFContainerView.swift in Sources */ = {isa = PBXBuildFile; fileRef = 325EE9942A435732000F342D /* GFContainerView.swift */; };
/* End PBXBuildFile section */

/* Begin PBXFileReference section */
		325EE95F2A423843000F342D /* GHFollowers.app */ = {isa = PBXFileReference; explicitFileType = wrapper.application; includeInIndex = 0; path = GHFollowers.app; sourceTree = BUILT_PRODUCTS_DIR; };
		325EE9622A423843000F342D /* AppDelegate.swift */ = {isa = PBXFileReference; lastKnownFileType = sourcecode.swift; path = AppDelegate.swift; sourceTree = "<group>"; };
		325EE9642A423843000F342D /* SceneDelegate.swift */ = {isa = PBXFileReference; lastKnownFileType = sourcecode.swift; path = SceneDelegate.swift; sourceTree = "<group>"; };
		325EE96B2A423844000F342D /* Assets.xcassets */ = {isa = PBXFileReference; lastKnownFileType = folder.assetcatalog; path = Assets.xcassets; sourceTree = "<group>"; };
		325EE96E2A423844000F342D /* Base */ = {isa = PBXFileReference; lastKnownFileType = file.storyboard; name = Base; path = Base.lproj/LaunchScreen.storyboard; sourceTree = "<group>"; };
		325EE9702A423844000F342D /* Info.plist */ = {isa = PBXFileReference; lastKnownFileType = text.plist.xml; path = Info.plist; sourceTree = "<group>"; };
		325EE9762A423EF1000F342D /* SearchVC.swift */ = {isa = PBXFileReference; lastKnownFileType = sourcecode.swift; path = SearchVC.swift; sourceTree = "<group>"; };
		325EE9782A423F27000F342D /* FavoritesListVC.swift */ = {isa = PBXFileReference; lastKnownFileType = sourcecode.swift; path = FavoritesListVC.swift; sourceTree = "<group>"; };
		325EE97A2A424494000F342D /* GFTabBarController.swift */ = {isa = PBXFileReference; lastKnownFileType = sourcecode.swift; path = GFTabBarController.swift; sourceTree = "<group>"; };
		325EE97C2A4246BB000F342D /* GFButton.swift */ = {isa = PBXFileReference; lastKnownFileType = sourcecode.swift; path = GFButton.swift; sourceTree = "<group>"; };
		325EE97E2A424A2E000F342D /* GFTextField.swift */ = {isa = PBXFileReference; lastKnownFileType = sourcecode.swift; path = GFTextField.swift; sourceTree = "<group>"; };
		325EE9802A427A51000F342D /* FollowersListVC.swift */ = {isa = PBXFileReference; lastKnownFileType = sourcecode.swift; path = FollowersListVC.swift; sourceTree = "<group>"; };
		325EE9822A428524000F342D /* GFTitleLabel.swift */ = {isa = PBXFileReference; lastKnownFileType = sourcecode.swift; path = GFTitleLabel.swift; sourceTree = "<group>"; };
		325EE9842A428786000F342D /* GFBodyLabel.swift */ = {isa = PBXFileReference; lastKnownFileType = sourcecode.swift; path = GFBodyLabel.swift; sourceTree = "<group>"; };
		325EE9862A428887000F342D /* GFAlertVC.swift */ = {isa = PBXFileReference; lastKnownFileType = sourcecode.swift; path = GFAlertVC.swift; sourceTree = "<group>"; };
		325EE9882A429158000F342D /* UIViewController+Ext.swift */ = {isa = PBXFileReference; lastKnownFileType = sourcecode.swift; path = "UIViewController+Ext.swift"; sourceTree = "<group>"; };
		325EE9942A435732000F342D /* GFContainerView.swift */ = {isa = PBXFileReference; lastKnownFileType = sourcecode.swift; path = GFContainerView.swift; sourceTree = "<group>"; };
/* End PBXFileReference section */

/* Begin PBXFrameworksBuildPhase section */
		325EE95C2A423843000F342D /* Frameworks */ = {
			isa = PBXFrameworksBuildPhase;
			buildActionMask = 2147483647;
			files = (
			);
			runOnlyForDeploymentPostprocessing = 0;
		};
/* End PBXFrameworksBuildPhase section */

/* Begin PBXGroup section */
		325EE9562A423843000F342D = {
			isa = PBXGroup;
			children = (
				325EE9612A423843000F342D /* GHFollowers */,
				325EE9602A423843000F342D /* Products */,
			);
			sourceTree = "<group>";
		};
		325EE9602A423843000F342D /* Products */ = {
			isa = PBXGroup;
			children = (
				325EE95F2A423843000F342D /* GHFollowers.app */,
			);
			name = Products;
			sourceTree = "<group>";
		};
		325EE9612A423843000F342D /* GHFollowers */ = {
			isa = PBXGroup;
			children = (
				325EE98B2A42A18E000F342D /* Custom Views */,
				325EE98A2A42A15C000F342D /* Screens (VC) */,
				325EE98C2A42A1D7000F342D /* Extensions */,
				325EE9932A435520000F342D /* Support */,
				325EE9702A423844000F342D /* Info.plist */,
			);
			path = GHFollowers;
			sourceTree = "<group>";
		};
		325EE98A2A42A15C000F342D /* Screens (VC) */ = {
			isa = PBXGroup;
			children = (
				325EE9762A423EF1000F342D /* SearchVC.swift */,
				325EE9782A423F27000F342D /* FavoritesListVC.swift */,
				325EE9802A427A51000F342D /* FollowersListVC.swift */,
			);
			path = "Screens (VC)";
			sourceTree = "<group>";
		};
		325EE98B2A42A18E000F342D /* Custom Views */ = {
			isa = PBXGroup;
			children = (
				325EE98D2A42A21E000F342D /* View Controllers */,
				325EE9942A435732000F342D /* GFContainerView.swift */,
				325EE97C2A4246BB000F342D /* GFButton.swift */,
				325EE97E2A424A2E000F342D /* GFTextField.swift */,
				325EE9822A428524000F342D /* GFTitleLabel.swift */,
				325EE9842A428786000F342D /* GFBodyLabel.swift */,
			);
			path = "Custom Views";
			sourceTree = "<group>";
		};
		325EE98C2A42A1D7000F342D /* Extensions */ = {
			isa = PBXGroup;
			children = (
				325EE9882A429158000F342D /* UIViewController+Ext.swift */,
			);
			path = Extensions;
			sourceTree = "<group>";
		};
		325EE98D2A42A21E000F342D /* View Controllers */ = {
			isa = PBXGroup;
			children = (
				325EE9862A428887000F342D /* GFAlertVC.swift */,
			);
			path = "View Controllers";
			sourceTree = "<group>";
		};
		325EE9932A435520000F342D /* Support */ = {
			isa = PBXGroup;
			children = (
				325EE9622A423843000F342D /* AppDelegate.swift */,
				325EE9642A423843000F342D /* SceneDelegate.swift */,
				325EE97A2A424494000F342D /* GFTabBarController.swift */,
				325EE96D2A423844000F342D /* LaunchScreen.storyboard */,
				325EE96B2A423844000F342D /* Assets.xcassets */,
			);
			path = Support;
			sourceTree = "<group>";
		};
/* End PBXGroup section */

/* Begin PBXNativeTarget section */
		325EE95E2A423843000F342D /* GHFollowers */ = {
			isa = PBXNativeTarget;
			buildConfigurationList = 325EE9732A423844000F342D /* Build configuration list for PBXNativeTarget "GHFollowers" */;
			buildPhases = (
				325EE95B2A423843000F342D /* Sources */,
				325EE95C2A423843000F342D /* Frameworks */,
				325EE95D2A423843000F342D /* Resources */,
			);
			buildRules = (
			);
			dependencies = (
			);
			name = GHFollowers;
			productName = GHFollowers;
			productReference = 325EE95F2A423843000F342D /* GHFollowers.app */;
			productType = "com.apple.product-type.application";
		};
/* End PBXNativeTarget section */

/* Begin PBXProject section */
		325EE9572A423843000F342D /* Project object */ = {
			isa = PBXProject;
			attributes = {
				BuildIndependentTargetsInParallel = 1;
				LastSwiftUpdateCheck = 1430;
				LastUpgradeCheck = 1430;
				TargetAttributes = {
					325EE95E2A423843000F342D = {
						CreatedOnToolsVersion = 14.3.1;
					};
				};
			};
			buildConfigurationList = 325EE95A2A423843000F342D /* Build configuration list for PBXProject "GHFollowers" */;
			compatibilityVersion = "Xcode 14.0";
			developmentRegion = en;
			hasScannedForEncodings = 0;
			knownRegions = (
				en,
				Base,
			);
			mainGroup = 325EE9562A423843000F342D;
			productRefGroup = 325EE9602A423843000F342D /* Products */;
			projectDirPath = "";
			projectRoot = "";
			targets = (
				325EE95E2A423843000F342D /* GHFollowers */,
			);
		};
/* End PBXProject section */

/* Begin PBXResourcesBuildPhase section */
		325EE95D2A423843000F342D /* Resources */ = {
			isa = PBXResourcesBuildPhase;
			buildActionMask = 2147483647;
			files = (
				325EE96F2A423844000F342D /* LaunchScreen.storyboard in Resources */,
				325EE96C2A423844000F342D /* Assets.xcassets in Resources */,
			);
			runOnlyForDeploymentPostprocessing = 0;
		};
/* End PBXResourcesBuildPhase section */

/* Begin PBXSourcesBuildPhase section */
		325EE95B2A423843000F342D /* Sources */ = {
			isa = PBXSourcesBuildPhase;
			buildActionMask = 2147483647;
			files = (
				325EE9792A423F27000F342D /* FavoritesListVC.swift in Sources */,
				325EE9772A423EF1000F342D /* SearchVC.swift in Sources */,
				325EE9892A429158000F342D /* UIViewController+Ext.swift in Sources */,
				325EE9812A427A51000F342D /* FollowersListVC.swift in Sources */,
				325EE97D2A4246BB000F342D /* GFButton.swift in Sources */,
				325EE9632A423843000F342D /* AppDelegate.swift in Sources */,
				325EE9872A428887000F342D /* GFAlertVC.swift in Sources */,
				325EE97B2A424494000F342D /* GFTabBarController.swift in Sources */,
				325EE9832A428524000F342D /* GFTitleLabel.swift in Sources */,
				325EE9952A435732000F342D /* GFContainerView.swift in Sources */,
				325EE9652A423843000F342D /* SceneDelegate.swift in Sources */,
				325EE97F2A424A2E000F342D /* GFTextField.swift in Sources */,
				325EE9852A428786000F342D /* GFBodyLabel.swift in Sources */,
			);
			runOnlyForDeploymentPostprocessing = 0;
		};
/* End PBXSourcesBuildPhase section */

/* Begin PBXVariantGroup section */
		325EE96D2A423844000F342D /* LaunchScreen.storyboard */ = {
			isa = PBXVariantGroup;
			children = (
				325EE96E2A423844000F342D /* Base */,
			);
			name = LaunchScreen.storyboard;
			sourceTree = "<group>";
		};
/* End PBXVariantGroup section */

/* Begin XCBuildConfiguration section */
		325EE9712A423844000F342D /* Debug */ = {
			isa = XCBuildConfiguration;
			buildSettings = {
				ALWAYS_SEARCH_USER_PATHS = NO;
				CLANG_ANALYZER_NONNULL = YES;
				CLANG_ANALYZER_NUMBER_OBJECT_CONVERSION = YES_AGGRESSIVE;
				CLANG_CXX_LANGUAGE_STANDARD = "gnu++20";
				CLANG_ENABLE_MODULES = YES;
				CLANG_ENABLE_OBJC_ARC = YES;
				CLANG_ENABLE_OBJC_WEAK = YES;
				CLANG_WARN_BLOCK_CAPTURE_AUTORELEASING = YES;
				CLANG_WARN_BOOL_CONVERSION = YES;
				CLANG_WARN_COMMA = YES;
				CLANG_WARN_CONSTANT_CONVERSION = YES;
				CLANG_WARN_DEPRECATED_OBJC_IMPLEMENTATIONS = YES;
				CLANG_WARN_DIRECT_OBJC_ISA_USAGE = YES_ERROR;
				CLANG_WARN_DOCUMENTATION_COMMENTS = YES;
				CLANG_WARN_EMPTY_BODY = YES;
				CLANG_WARN_ENUM_CONVERSION = YES;
				CLANG_WARN_INFINITE_RECURSION = YES;
				CLANG_WARN_INT_CONVERSION = YES;
				CLANG_WARN_NON_LITERAL_NULL_CONVERSION = YES;
				CLANG_WARN_OBJC_IMPLICIT_RETAIN_SELF = YES;
				CLANG_WARN_OBJC_LITERAL_CONVERSION = YES;
				CLANG_WARN_OBJC_ROOT_CLASS = YES_ERROR;
				CLANG_WARN_QUOTED_INCLUDE_IN_FRAMEWORK_HEADER = YES;
				CLANG_WARN_RANGE_LOOP_ANALYSIS = YES;
				CLANG_WARN_STRICT_PROTOTYPES = YES;
				CLANG_WARN_SUSPICIOUS_MOVE = YES;
				CLANG_WARN_UNGUARDED_AVAILABILITY = YES_AGGRESSIVE;
				CLANG_WARN_UNREACHABLE_CODE = YES;
				CLANG_WARN__DUPLICATE_METHOD_MATCH = YES;
				COPY_PHASE_STRIP = NO;
				DEBUG_INFORMATION_FORMAT = dwarf;
				ENABLE_STRICT_OBJC_MSGSEND = YES;
				ENABLE_TESTABILITY = YES;
				GCC_C_LANGUAGE_STANDARD = gnu11;
				GCC_DYNAMIC_NO_PIC = NO;
				GCC_NO_COMMON_BLOCKS = YES;
				GCC_OPTIMIZATION_LEVEL = 0;
				GCC_PREPROCESSOR_DEFINITIONS = (
					"DEBUG=1",
					"$(inherited)",
				);
				GCC_WARN_64_TO_32_BIT_CONVERSION = YES;
				GCC_WARN_ABOUT_RETURN_TYPE = YES_ERROR;
				GCC_WARN_UNDECLARED_SELECTOR = YES;
				GCC_WARN_UNINITIALIZED_AUTOS = YES_AGGRESSIVE;
				GCC_WARN_UNUSED_FUNCTION = YES;
				GCC_WARN_UNUSED_VARIABLE = YES;
				IPHONEOS_DEPLOYMENT_TARGET = 13.0;
				MTL_ENABLE_DEBUG_INFO = INCLUDE_SOURCE;
				MTL_FAST_MATH = YES;
				ONLY_ACTIVE_ARCH = YES;
				SDKROOT = iphoneos;
				SWIFT_ACTIVE_COMPILATION_CONDITIONS = DEBUG;
				SWIFT_OPTIMIZATION_LEVEL = "-Onone";
			};
			name = Debug;
		};
		325EE9722A423844000F342D /* Release */ = {
			isa = XCBuildConfiguration;
			buildSettings = {
				ALWAYS_SEARCH_USER_PATHS = NO;
				CLANG_ANALYZER_NONNULL = YES;
				CLANG_ANALYZER_NUMBER_OBJECT_CONVERSION = YES_AGGRESSIVE;
				CLANG_CXX_LANGUAGE_STANDARD = "gnu++20";
				CLANG_ENABLE_MODULES = YES;
				CLANG_ENABLE_OBJC_ARC = YES;
				CLANG_ENABLE_OBJC_WEAK = YES;
				CLANG_WARN_BLOCK_CAPTURE_AUTORELEASING = YES;
				CLANG_WARN_BOOL_CONVERSION = YES;
				CLANG_WARN_COMMA = YES;
				CLANG_WARN_CONSTANT_CONVERSION = YES;
				CLANG_WARN_DEPRECATED_OBJC_IMPLEMENTATIONS = YES;
				CLANG_WARN_DIRECT_OBJC_ISA_USAGE = YES_ERROR;
				CLANG_WARN_DOCUMENTATION_COMMENTS = YES;
				CLANG_WARN_EMPTY_BODY = YES;
				CLANG_WARN_ENUM_CONVERSION = YES;
				CLANG_WARN_INFINITE_RECURSION = YES;
				CLANG_WARN_INT_CONVERSION = YES;
				CLANG_WARN_NON_LITERAL_NULL_CONVERSION = YES;
				CLANG_WARN_OBJC_IMPLICIT_RETAIN_SELF = YES;
				CLANG_WARN_OBJC_LITERAL_CONVERSION = YES;
				CLANG_WARN_OBJC_ROOT_CLASS = YES_ERROR;
				CLANG_WARN_QUOTED_INCLUDE_IN_FRAMEWORK_HEADER = YES;
				CLANG_WARN_RANGE_LOOP_ANALYSIS = YES;
				CLANG_WARN_STRICT_PROTOTYPES = YES;
				CLANG_WARN_SUSPICIOUS_MOVE = YES;
				CLANG_WARN_UNGUARDED_AVAILABILITY = YES_AGGRESSIVE;
				CLANG_WARN_UNREACHABLE_CODE = YES;
				CLANG_WARN__DUPLICATE_METHOD_MATCH = YES;
				COPY_PHASE_STRIP = NO;
				DEBUG_INFORMATION_FORMAT = "dwarf-with-dsym";
				ENABLE_NS_ASSERTIONS = NO;
				ENABLE_STRICT_OBJC_MSGSEND = YES;
				GCC_C_LANGUAGE_STANDARD = gnu11;
				GCC_NO_COMMON_BLOCKS = YES;
				GCC_WARN_64_TO_32_BIT_CONVERSION = YES;
				GCC_WARN_ABOUT_RETURN_TYPE = YES_ERROR;
				GCC_WARN_UNDECLARED_SELECTOR = YES;
				GCC_WARN_UNINITIALIZED_AUTOS = YES_AGGRESSIVE;
				GCC_WARN_UNUSED_FUNCTION = YES;
				GCC_WARN_UNUSED_VARIABLE = YES;
				IPHONEOS_DEPLOYMENT_TARGET = 13.0;
				MTL_ENABLE_DEBUG_INFO = NO;
				MTL_FAST_MATH = YES;
				SDKROOT = iphoneos;
				SWIFT_COMPILATION_MODE = wholemodule;
				SWIFT_OPTIMIZATION_LEVEL = "-O";
				VALIDATE_PRODUCT = YES;
			};
			name = Release;
		};
		325EE9742A423844000F342D /* Debug */ = {
			isa = XCBuildConfiguration;
			buildSettings = {
				ASSETCATALOG_COMPILER_APPICON_NAME = AppIcon;
				ASSETCATALOG_COMPILER_GLOBAL_ACCENT_COLOR_NAME = AccentColor;
				CODE_SIGN_STYLE = Automatic;
				CURRENT_PROJECT_VERSION = 1;
				DEVELOPMENT_TEAM = 2DB36S6ZG2;
				GENERATE_INFOPLIST_FILE = YES;
				INFOPLIST_FILE = GHFollowers/Info.plist;
				INFOPLIST_KEY_UIApplicationSupportsIndirectInputEvents = YES;
				INFOPLIST_KEY_UILaunchStoryboardName = LaunchScreen;
				INFOPLIST_KEY_UISupportedInterfaceOrientations = UIInterfaceOrientationPortrait;
				IPHONEOS_DEPLOYMENT_TARGET = 16.4;
				LD_RUNPATH_SEARCH_PATHS = (
					"$(inherited)",
					"@executable_path/Frameworks",
				);
				MARKETING_VERSION = 1.0;
				PRODUCT_BUNDLE_IDENTIFIER = com.nahuelterrazas.GHFollowers;
				PRODUCT_NAME = "$(TARGET_NAME)";
				SWIFT_EMIT_LOC_STRINGS = YES;
				SWIFT_VERSION = 5.0;
				TARGETED_DEVICE_FAMILY = "1,2";
			};
			name = Debug;
		};
		325EE9752A423844000F342D /* Release */ = {
			isa = XCBuildConfiguration;
			buildSettings = {
				ASSETCATALOG_COMPILER_APPICON_NAME = AppIcon;
				ASSETCATALOG_COMPILER_GLOBAL_ACCENT_COLOR_NAME = AccentColor;
				CODE_SIGN_STYLE = Automatic;
				CURRENT_PROJECT_VERSION = 1;
				DEVELOPMENT_TEAM = 2DB36S6ZG2;
				GENERATE_INFOPLIST_FILE = YES;
				INFOPLIST_FILE = GHFollowers/Info.plist;
				INFOPLIST_KEY_UIApplicationSupportsIndirectInputEvents = YES;
				INFOPLIST_KEY_UILaunchStoryboardName = LaunchScreen;
				INFOPLIST_KEY_UISupportedInterfaceOrientations = UIInterfaceOrientationPortrait;
				IPHONEOS_DEPLOYMENT_TARGET = 16.4;
				LD_RUNPATH_SEARCH_PATHS = (
					"$(inherited)",
					"@executable_path/Frameworks",
				);
				MARKETING_VERSION = 1.0;
				PRODUCT_BUNDLE_IDENTIFIER = com.nahuelterrazas.GHFollowers;
				PRODUCT_NAME = "$(TARGET_NAME)";
				SWIFT_EMIT_LOC_STRINGS = YES;
				SWIFT_VERSION = 5.0;
				TARGETED_DEVICE_FAMILY = "1,2";
			};
			name = Release;
		};
/* End XCBuildConfiguration section */

/* Begin XCConfigurationList section */
		325EE95A2A423843000F342D /* Build configuration list for PBXProject "GHFollowers" */ = {
			isa = XCConfigurationList;
			buildConfigurations = (
				325EE9712A423844000F342D /* Debug */,
				325EE9722A423844000F342D /* Release */,
			);
			defaultConfigurationIsVisible = 0;
			defaultConfigurationName = Release;
		};
		325EE9732A423844000F342D /* Build configuration list for PBXNativeTarget "GHFollowers" */ = {
			isa = XCConfigurationList;
			buildConfigurations = (
				325EE9742A423844000F342D /* Debug */,
				325EE9752A423844000F342D /* Release */,
			);
			defaultConfigurationIsVisible = 0;
			defaultConfigurationName = Release;
		};
/* End XCConfigurationList section */
	};
	rootObject = 325EE9572A423843000F342D /* Project object */;
}
